# THIS IS AN AUTOGENERATED FILE. DO NOT EDIT THIS FILE DIRECTLY.
# yarn lockfile v1


simple-zustand-devtools@^1.1.0:
  version "1.1.0"
  resolved "https://registry.yarnpkg.com/simple-zustand-devtools/-/simple-zustand-devtools-1.1.0.tgz#bb080b30c9930d2997f33881f63d47405226fd7f"
  integrity sha512-Axfcfr9L3YL3kto7aschCQLY2VUlXXMnIVtaTe9Y0qWbNmPsX/y7KsNprmxBZoB0pww5ZGs1u/ohcrvQ3tE6jA==
